// !$*UTF8*$!
{
	archiveVersion = 1;
	classes = {
	};
	objectVersion = 46;
	objects = {

/* Begin PBXBuildFile section */
		B019F9BB196C09C000BBDC19 /* Foundation.framework in Frameworks */ = {isa = PBXBuildFile; fileRef = B019F9BA196C09C000BBDC19 /* Foundation.framework */; };
		B019F9BD196C09C000BBDC19 /* CoreGraphics.framework in Frameworks */ = {isa = PBXBuildFile; fileRef = B019F9BC196C09C000BBDC19 /* CoreGraphics.framework */; };
		B019F9BF196C09C000BBDC19 /* UIKit.framework in Frameworks */ = {isa = PBXBuildFile; fileRef = B019F9BE196C09C000BBDC19 /* UIKit.framework */; };
		B019F9C5196C09C000BBDC19 /* InfoPlist.strings in Resources */ = {isa = PBXBuildFile; fileRef = B019F9C3196C09C000BBDC19 /* InfoPlist.strings */; };
		B019F9C7196C09C000BBDC19 /* main.m in Sources */ = {isa = PBXBuildFile; fileRef = B019F9C6196C09C000BBDC19 /* main.m */; };
		B019F9CB196C09C000BBDC19 /* BCBAppDelegate.m in Sources */ = {isa = PBXBuildFile; fileRef = B019F9CA196C09C000BBDC19 /* BCBAppDelegate.m */; };
		B019F9CE196C09C000BBDC19 /* Main.storyboard in Resources */ = {isa = PBXBuildFile; fileRef = B019F9CC196C09C000BBDC19 /* Main.storyboard */; };
		B019F9D1196C09C000BBDC19 /* BCBViewController.m in Sources */ = {isa = PBXBuildFile; fileRef = B019F9D0196C09C000BBDC19 /* BCBViewController.m */; };
		B019F9D3196C09C000BBDC19 /* Images.xcassets in Resources */ = {isa = PBXBuildFile; fileRef = B019F9D2196C09C000BBDC19 /* Images.xcassets */; };
		B019F9DA196C09C000BBDC19 /* XCTest.framework in Frameworks */ = {isa = PBXBuildFile; fileRef = B019F9D9196C09C000BBDC19 /* XCTest.framework */; };
		B019F9DB196C09C000BBDC19 /* Foundation.framework in Frameworks */ = {isa = PBXBuildFile; fileRef = B019F9BA196C09C000BBDC19 /* Foundation.framework */; };
		B019F9DC196C09C000BBDC19 /* UIKit.framework in Frameworks */ = {isa = PBXBuildFile; fileRef = B019F9BE196C09C000BBDC19 /* UIKit.framework */; };
		B019F9E4196C09C000BBDC19 /* InfoPlist.strings in Resources */ = {isa = PBXBuildFile; fileRef = B019F9E2196C09C000BBDC19 /* InfoPlist.strings */; };
		B019F9E6196C09C000BBDC19 /* LabelDrawingTests.m in Sources */ = {isa = PBXBuildFile; fileRef = B019F9E5196C09C000BBDC19 /* LabelDrawingTests.m */; };
		B019F9F1196C09F300BBDC19 /* BCBLabel.m in Sources */ = {isa = PBXBuildFile; fileRef = B019F9F0196C09F300BBDC19 /* BCBLabel.m */; };
/* End PBXBuildFile section */

/* Begin PBXContainerItemProxy section */
		B019F9DD196C09C000BBDC19 /* PBXContainerItemProxy */ = {
			isa = PBXContainerItemProxy;
			containerPortal = B019F9AF196C09C000BBDC19 /* Project object */;
			proxyType = 1;
			remoteGlobalIDString = B019F9B6196C09C000BBDC19;
			remoteInfo = LabelDrawing;
		};
/* End PBXContainerItemProxy section */

/* Begin PBXFileReference section */
		B019F9B7196C09C000BBDC19 /* LabelDrawing.app */ = {isa = PBXFileReference; explicitFileType = wrapper.application; includeInIndex = 0; path = LabelDrawing.app; sourceTree = BUILT_PRODUCTS_DIR; };
		B019F9BA196C09C000BBDC19 /* Foundation.framework */ = {isa = PBXFileReference; lastKnownFileType = wrapper.framework; name = Foundation.framework; path = System/Library/Frameworks/Foundation.framework; sourceTree = SDKROOT; };
		B019F9BC196C09C000BBDC19 /* CoreGraphics.framework */ = {isa = PBXFileReference; lastKnownFileType = wrapper.framework; name = CoreGraphics.framework; path = System/Library/Frameworks/CoreGraphics.framework; sourceTree = SDKROOT; };
		B019F9BE196C09C000BBDC19 /* UIKit.framework */ = {isa = PBXFileReference; lastKnownFileType = wrapper.framework; name = UIKit.framework; path = System/Library/Frameworks/UIKit.framework; sourceTree = SDKROOT; };
		B019F9C2196C09C000BBDC19 /* LabelDrawing-Info.plist */ = {isa = PBXFileReference; lastKnownFileType = text.plist.xml; path = "LabelDrawing-Info.plist"; sourceTree = "<group>"; };
		B019F9C4196C09C000BBDC19 /* en */ = {isa = PBXFileReference; lastKnownFileType = text.plist.strings; name = en; path = en.lproj/InfoPlist.strings; sourceTree = "<group>"; };
		B019F9C6196C09C000BBDC19 /* main.m */ = {isa = PBXFileReference; lastKnownFileType = sourcecode.c.objc; path = main.m; sourceTree = "<group>"; };
		B019F9C8196C09C000BBDC19 /* LabelDrawing-Prefix.pch */ = {isa = PBXFileReference; lastKnownFileType = sourcecode.c.h; path = "LabelDrawing-Prefix.pch"; sourceTree = "<group>"; };
		B019F9C9196C09C000BBDC19 /* BCBAppDelegate.h */ = {isa = PBXFileReference; lastKnownFileType = sourcecode.c.h; path = BCBAppDelegate.h; sourceTree = "<group>"; };
		B019F9CA196C09C000BBDC19 /* BCBAppDelegate.m */ = {isa = PBXFileReference; lastKnownFileType = sourcecode.c.objc; path = BCBAppDelegate.m; sourceTree = "<group>"; };
		B019F9CD196C09C000BBDC19 /* Base */ = {isa = PBXFileReference; lastKnownFileType = file.storyboard; name = Base; path = Base.lproj/Main.storyboard; sourceTree = "<group>"; };
		B019F9CF196C09C000BBDC19 /* BCBViewController.h */ = {isa = PBXFileReference; lastKnownFileType = sourcecode.c.h; path = BCBViewController.h; sourceTree = "<group>"; };
		B019F9D0196C09C000BBDC19 /* BCBViewController.m */ = {isa = PBXFileReference; lastKnownFileType = sourcecode.c.objc; path = BCBViewController.m; sourceTree = "<group>"; };
		B019F9D2196C09C000BBDC19 /* Images.xcassets */ = {isa = PBXFileReference; lastKnownFileType = folder.assetcatalog; path = Images.xcassets; sourceTree = "<group>"; };
		B019F9D8196C09C000BBDC19 /* LabelDrawingTests.xctest */ = {isa = PBXFileReference; explicitFileType = wrapper.cfbundle; includeInIndex = 0; path = LabelDrawingTests.xctest; sourceTree = BUILT_PRODUCTS_DIR; };
		B019F9D9196C09C000BBDC19 /* XCTest.framework */ = {isa = PBXFileReference; lastKnownFileType = wrapper.framework; name = XCTest.framework; path = Library/Frameworks/XCTest.framework; sourceTree = DEVELOPER_DIR; };
		B019F9E1196C09C000BBDC19 /* LabelDrawingTests-Info.plist */ = {isa = PBXFileReference; lastKnownFileType = text.plist.xml; path = "LabelDrawingTests-Info.plist"; sourceTree = "<group>"; };
		B019F9E3196C09C000BBDC19 /* en */ = {isa = PBXFileReference; lastKnownFileType = text.plist.strings; name = en; path = en.lproj/InfoPlist.strings; sourceTree = "<group>"; };
		B019F9E5196C09C000BBDC19 /* LabelDrawingTests.m */ = {isa = PBXFileReference; lastKnownFileType = sourcecode.c.objc; path = LabelDrawingTests.m; sourceTree = "<group>"; };
		B019F9EF196C09F300BBDC19 /* BCBLabel.h */ = {isa = PBXFileReference; fileEncoding = 4; lastKnownFileType = sourcecode.c.h; path = BCBLabel.h; sourceTree = "<group>"; };
		B019F9F0196C09F300BBDC19 /* BCBLabel.m */ = {isa = PBXFileReference; fileEncoding = 4; lastKnownFileType = sourcecode.c.objc; path = BCBLabel.m; sourceTree = "<group>"; };
/* End PBXFileReference section */

/* Begin PBXFrameworksBuildPhase section */
		B019F9B4196C09C000BBDC19 /* Frameworks */ = {
			isa = PBXFrameworksBuildPhase;
			buildActionMask = 2147483647;
			files = (
				B019F9BD196C09C000BBDC19 /* CoreGraphics.framework in Frameworks */,
				B019F9BF196C09C000BBDC19 /* UIKit.framework in Frameworks */,
				B019F9BB196C09C000BBDC19 /* Foundation.framework in Frameworks */,
			);
			runOnlyForDeploymentPostprocessing = 0;
		};
		B019F9D5196C09C000BBDC19 /* Frameworks */ = {
			isa = PBXFrameworksBuildPhase;
			buildActionMask = 2147483647;
			files = (
				B019F9DA196C09C000BBDC19 /* XCTest.framework in Frameworks */,
				B019F9DC196C09C000BBDC19 /* UIKit.framework in Frameworks */,
				B019F9DB196C09C000BBDC19 /* Foundation.framework in Frameworks */,
			);
			runOnlyForDeploymentPostprocessing = 0;
		};
/* End PBXFrameworksBuildPhase section */

/* Begin PBXGroup section */
		B019F9AE196C09C000BBDC19 = {
			isa = PBXGroup;
			children = (
				B019F9C0196C09C000BBDC19 /* LabelDrawing */,
				B019F9DF196C09C000BBDC19 /* LabelDrawingTests */,
				B019F9B9196C09C000BBDC19 /* Frameworks */,
				B019F9B8196C09C000BBDC19 /* Products */,
			);
			sourceTree = "<group>";
		};
		B019F9B8196C09C000BBDC19 /* Products */ = {
			isa = PBXGroup;
			children = (
				B019F9B7196C09C000BBDC19 /* LabelDrawing.app */,
				B019F9D8196C09C000BBDC19 /* LabelDrawingTests.xctest */,
			);
			name = Products;
			sourceTree = "<group>";
		};
		B019F9B9196C09C000BBDC19 /* Frameworks */ = {
			isa = PBXGroup;
			children = (
				B019F9BA196C09C000BBDC19 /* Foundation.framework */,
				B019F9BC196C09C000BBDC19 /* CoreGraphics.framework */,
				B019F9BE196C09C000BBDC19 /* UIKit.framework */,
				B019F9D9196C09C000BBDC19 /* XCTest.framework */,
			);
			name = Frameworks;
			sourceTree = "<group>";
		};
		B019F9C0196C09C000BBDC19 /* LabelDrawing */ = {
			isa = PBXGroup;
			children = (
				B019F9C9196C09C000BBDC19 /* BCBAppDelegate.h */,
				B019F9CA196C09C000BBDC19 /* BCBAppDelegate.m */,
				B019F9CC196C09C000BBDC19 /* Main.storyboard */,
				B019F9CF196C09C000BBDC19 /* BCBViewController.h */,
				B019F9D0196C09C000BBDC19 /* BCBViewController.m */,
				B019F9EF196C09F300BBDC19 /* BCBLabel.h */,
				B019F9F0196C09F300BBDC19 /* BCBLabel.m */,
				B019F9D2196C09C000BBDC19 /* Images.xcassets */,
				B019F9C1196C09C000BBDC19 /* Supporting Files */,
			);
			path = LabelDrawing;
			sourceTree = "<group>";
		};
		B019F9C1196C09C000BBDC19 /* Supporting Files */ = {
			isa = PBXGroup;
			children = (
				B019F9C2196C09C000BBDC19 /* LabelDrawing-Info.plist */,
				B019F9C3196C09C000BBDC19 /* InfoPlist.strings */,
				B019F9C6196C09C000BBDC19 /* main.m */,
				B019F9C8196C09C000BBDC19 /* LabelDrawing-Prefix.pch */,
			);
			name = "Supporting Files";
			sourceTree = "<group>";
		};
		B019F9DF196C09C000BBDC19 /* LabelDrawingTests */ = {
			isa = PBXGroup;
			children = (
				B019F9E5196C09C000BBDC19 /* LabelDrawingTests.m */,
				B019F9E0196C09C000BBDC19 /* Supporting Files */,
			);
			path = LabelDrawingTests;
			sourceTree = "<group>";
		};
		B019F9E0196C09C000BBDC19 /* Supporting Files */ = {
			isa = PBXGroup;
			children = (
				B019F9E1196C09C000BBDC19 /* LabelDrawingTests-Info.plist */,
				B019F9E2196C09C000BBDC19 /* InfoPlist.strings */,
			);
			name = "Supporting Files";
			sourceTree = "<group>";
		};
/* End PBXGroup section */

/* Begin PBXNativeTarget section */
		B019F9B6196C09C000BBDC19 /* LabelDrawing */ = {
			isa = PBXNativeTarget;
			buildConfigurationList = B019F9E9196C09C000BBDC19 /* Build configuration list for PBXNativeTarget "LabelDrawing" */;
			buildPhases = (
				B019F9B3196C09C000BBDC19 /* Sources */,
				B019F9B4196C09C000BBDC19 /* Frameworks */,
				B019F9B5196C09C000BBDC19 /* Resources */,
			);
			buildRules = (
			);
			dependencies = (
			);
			name = LabelDrawing;
			productName = LabelDrawing;
			productReference = B019F9B7196C09C000BBDC19 /* LabelDrawing.app */;
			productType = "com.apple.product-type.application";
		};
		B019F9D7196C09C000BBDC19 /* LabelDrawingTests */ = {
			isa = PBXNativeTarget;
			buildConfigurationList = B019F9EC196C09C000BBDC19 /* Build configuration list for PBXNativeTarget "LabelDrawingTests" */;
			buildPhases = (
				B019F9D4196C09C000BBDC19 /* Sources */,
				B019F9D5196C09C000BBDC19 /* Frameworks */,
				B019F9D6196C09C000BBDC19 /* Resources */,
			);
			buildRules = (
			);
			dependencies = (
				B019F9DE196C09C000BBDC19 /* PBXTargetDependency */,
			);
			name = LabelDrawingTests;
			productName = LabelDrawingTests;
			productReference = B019F9D8196C09C000BBDC19 /* LabelDrawingTests.xctest */;
			productType = "com.apple.product-type.bundle.unit-test";
		};
/* End PBXNativeTarget section */

/* Begin PBXProject section */
		B019F9AF196C09C000BBDC19 /* Project object */ = {
			isa = PBXProject;
			attributes = {
				CLASSPREFIX = BCB;
				LastUpgradeCheck = 0510;
				ORGANIZATIONNAME = "Blue Crowbar";
				TargetAttributes = {
					B019F9D7196C09C000BBDC19 = {
						TestTargetID = B019F9B6196C09C000BBDC19;
					};
				};
			};
			buildConfigurationList = B019F9B2196C09C000BBDC19 /* Build configuration list for PBXProject "LabelDrawing" */;
			compatibilityVersion = "Xcode 3.2";
			developmentRegion = English;
			hasScannedForEncodings = 0;
			knownRegions = (
				en,
				Base,
			);
			mainGroup = B019F9AE196C09C000BBDC19;
			productRefGroup = B019F9B8196C09C000BBDC19 /* Products */;
			projectDirPath = "";
			projectRoot = "";
			targets = (
				B019F9B6196C09C000BBDC19 /* LabelDrawing */,
				B019F9D7196C09C000BBDC19 /* LabelDrawingTests */,
			);
		};
/* End PBXProject section */

/* Begin PBXResourcesBuildPhase section */
		B019F9B5196C09C000BBDC19 /* Resources */ = {
			isa = PBXResourcesBuildPhase;
			buildActionMask = 2147483647;
			files = (
				B019F9D3196C09C000BBDC19 /* Images.xcassets in Resources */,
				B019F9C5196C09C000BBDC19 /* InfoPlist.strings in Resources */,
				B019F9CE196C09C000BBDC19 /* Main.storyboard in Resources */,
			);
			runOnlyForDeploymentPostprocessing = 0;
		};
		B019F9D6196C09C000BBDC19 /* Resources */ = {
			isa = PBXResourcesBuildPhase;
			buildActionMask = 2147483647;
			files = (
				B019F9E4196C09C000BBDC19 /* InfoPlist.strings in Resources */,
			);
			runOnlyForDeploymentPostprocessing = 0;
		};
/* End PBXResourcesBuildPhase section */

/* Begin PBXSourcesBuildPhase section */
		B019F9B3196C09C000BBDC19 /* Sources */ = {
			isa = PBXSourcesBuildPhase;
			buildActionMask = 2147483647;
			files = (
				B019F9F1196C09F300BBDC19 /* BCBLabel.m in Sources */,
				B019F9D1196C09C000BBDC19 /* BCBViewController.m in Sources */,
				B019F9CB196C09C000BBDC19 /* BCBAppDelegate.m in Sources */,
				B019F9C7196C09C000BBDC19 /* main.m in Sources */,
			);
			runOnlyForDeploymentPostprocessing = 0;
		};
		B019F9D4196C09C000BBDC19 /* Sources */ = {
			isa = PBXSourcesBuildPhase;
			buildActionMask = 2147483647;
			files = (
				B019F9E6196C09C000BBDC19 /* LabelDrawingTests.m in Sources */,
			);
			runOnlyForDeploymentPostprocessing = 0;
		};
/* End PBXSourcesBuildPhase section */

/* Begin PBXTargetDependency section */
		B019F9DE196C09C000BBDC19 /* PBXTargetDependency */ = {
			isa = PBXTargetDependency;
			target = B019F9B6196C09C000BBDC19 /* LabelDrawing */;
			targetProxy = B019F9DD196C09C000BBDC19 /* PBXContainerItemProxy */;
		};
/* End PBXTargetDependency section */

/* Begin PBXVariantGroup section */
		B019F9C3196C09C000BBDC19 /* InfoPlist.strings */ = {
			isa = PBXVariantGroup;
			children = (
				B019F9C4196C09C000BBDC19 /* en */,
			);
			name = InfoPlist.strings;
			sourceTree = "<group>";
		};
		B019F9CC196C09C000BBDC19 /* Main.storyboard */ = {
			isa = PBXVariantGroup;
			children = (
				B019F9CD196C09C000BBDC19 /* Base */,
			);
			name = Main.storyboard;
			sourceTree = "<group>";
		};
		B019F9E2196C09C000BBDC19 /* InfoPlist.strings */ = {
			isa = PBXVariantGroup;
			children = (
				B019F9E3196C09C000BBDC19 /* en */,
			);
			name = InfoPlist.strings;
			sourceTree = "<group>";
		};
/* End PBXVariantGroup section */

/* Begin XCBuildConfiguration section */
		B019F9E7196C09C000BBDC19 /* Debug */ = {
			isa = XCBuildConfiguration;
			buildSettings = {
				ALWAYS_SEARCH_USER_PATHS = NO;
				CLANG_CXX_LANGUAGE_STANDARD = "gnu++0x";
				CLANG_CXX_LIBRARY = "libc++";
				CLANG_ENABLE_MODULES = YES;
				CLANG_ENABLE_OBJC_ARC = YES;
				CLANG_WARN_BOOL_CONVERSION = YES;
				CLANG_WARN_CONSTANT_CONVERSION = YES;
				CLANG_WARN_DIRECT_OBJC_ISA_USAGE = YES_ERROR;
				CLANG_WARN_EMPTY_BODY = YES;
				CLANG_WARN_ENUM_CONVERSION = YES;
				CLANG_WARN_INT_CONVERSION = YES;
				CLANG_WARN_OBJC_ROOT_CLASS = YES_ERROR;
				CLANG_WARN__DUPLICATE_METHOD_MATCH = YES;
				"CODE_SIGN_IDENTITY[sdk=iphoneos*]" = "iPhone Developer";
				COPY_PHASE_STRIP = NO;
				GCC_C_LANGUAGE_STANDARD = gnu99;
				GCC_DYNAMIC_NO_PIC = NO;
				GCC_OPTIMIZATION_LEVEL = 0;
				GCC_PREPROCESSOR_DEFINITIONS = (
					"DEBUG=1",
					"$(inherited)",
				);
				GCC_SYMBOLS_PRIVATE_EXTERN = NO;
				GCC_WARN_64_TO_32_BIT_CONVERSION = YES;
				GCC_WARN_ABOUT_RETURN_TYPE = YES_ERROR;
				GCC_WARN_UNDECLARED_SELECTOR = YES;
				GCC_WARN_UNINITIALIZED_AUTOS = YES_AGGRESSIVE;
				GCC_WARN_UNUSED_FUNCTION = YES;
				GCC_WARN_UNUSED_VARIABLE = YES;
				IPHONEOS_DEPLOYMENT_TARGET = 7.1;
				ONLY_ACTIVE_ARCH = YES;
				SDKROOT = iphoneos;
			};
			name = Debug;
		};
		B019F9E8196C09C000BBDC19 /* Release */ = {
			isa = XCBuildConfiguration;
			buildSettings = {
				ALWAYS_SEARCH_USER_PATHS = NO;
				CLANG_CXX_LANGUAGE_STANDARD = "gnu++0x";
				CLANG_CXX_LIBRARY = "libc++";
				CLANG_ENABLE_MODULES = YES;
				CLANG_ENABLE_OBJC_ARC = YES;
				CLANG_WARN_BOOL_CONVERSION = YES;
				CLANG_WARN_CONSTANT_CONVERSION = YES;
				CLANG_WARN_DIRECT_OBJC_ISA_USAGE = YES_ERROR;
				CLANG_WARN_EMPTY_BODY = YES;
				CLANG_WARN_ENUM_CONVERSION = YES;
				CLANG_WARN_INT_CONVERSION = YES;
				CLANG_WARN_OBJC_ROOT_CLASS = YES_ERROR;
				CLANG_WARN__DUPLICATE_METHOD_MATCH = YES;
				"CODE_SIGN_IDENTITY[sdk=iphoneos*]" = "iPhone Developer";
				COPY_PHASE_STRIP = YES;
				ENABLE_NS_ASSERTIONS = NO;
				GCC_C_LANGUAGE_STANDARD = gnu99;
				GCC_WARN_64_TO_32_BIT_CONVERSION = YES;
				GCC_WARN_ABOUT_RETURN_TYPE = YES_ERROR;
				GCC_WARN_UNDECLARED_SELECTOR = YES;
				GCC_WARN_UNINITIALIZED_AUTOS = YES_AGGRESSIVE;
				GCC_WARN_UNUSED_FUNCTION = YES;
				GCC_WARN_UNUSED_VARIABLE = YES;
				IPHONEOS_DEPLOYMENT_TARGET = 7.1;
				SDKROOT = iphoneos;
				VALIDATE_PRODUCT = YES;
			};
			name = Release;
		};
		B019F9EA196C09C000BBDC19 /* Debug */ = {
			isa = XCBuildConfiguration;
			buildSettings = {
				ASSETCATALOG_COMPILER_APPICON_NAME = AppIcon;
				ASSETCATALOG_COMPILER_LAUNCHIMAGE_NAME = LaunchImage;
				GCC_PRECOMPILE_PREFIX_HEADER = YES;
				GCC_PREFIX_HEADER = "LabelDrawing/LabelDrawing-Prefix.pch";
				INFOPLIST_FILE = "LabelDrawing/LabelDrawing-Info.plist";
				PRODUCT_NAME = "$(TARGET_NAME)";
				WRAPPER_EXTENSION = app;
			};
			name = Debug;
		};
		B019F9EB196C09C000BBDC19 /* Release */ = {
			isa = XCBuildConfiguration;
			buildSettings = {
				ASSETCATALOG_COMPILER_APPICON_NAME = AppIcon;
				ASSETCATALOG_COMPILER_LAUNCHIMAGE_NAME = LaunchImage;
				GCC_PRECOMPILE_PREFIX_HEADER = YES;
				GCC_PREFIX_HEADER = "LabelDrawing/LabelDrawing-Prefix.pch";
				INFOPLIST_FILE = "LabelDrawing/LabelDrawing-Info.plist";
				PRODUCT_NAME = "$(TARGET_NAME)";
				WRAPPER_EXTENSION = app;
			};
			name = Release;
		};
		B019F9ED196C09C000BBDC19 /* Debug */ = {
			isa = XCBuildConfiguration;
			buildSettings = {
				BUNDLE_LOADER = "$(BUILT_PRODUCTS_DIR)/LabelDrawing.app/LabelDrawing";
				FRAMEWORK_SEARCH_PATHS = (
					"$(SDKROOT)/Developer/Library/Frameworks",
					"$(inherited)",
					"$(DEVELOPER_FRAMEWORKS_DIR)",
				);
				GCC_PRECOMPILE_PREFIX_HEADER = YES;
				GCC_PREFIX_HEADER = "LabelDrawing/LabelDrawing-Prefix.pch";
				GCC_PREPROCESSOR_DEFINITIONS = (
					"DEBUG=1",
					"$(inherited)",
				);
				INFOPLIST_FILE = "LabelDrawingTests/LabelDrawingTests-Info.plist";
				PRODUCT_NAME = "$(TARGET_NAME)";
				TEST_HOST = "$(BUNDLE_LOADER)";
				WRAPPER_EXTENSION = xctest;
			};
			name = Debug;
		};
		B019F9EE196C09C000BBDC19 /* Release */ = {
			isa = XCBuildConfiguration;
			buildSettings = {
				BUNDLE_LOADER = "$(BUILT_PRODUCTS_DIR)/LabelDrawing.app/LabelDrawing";
				FRAMEWORK_SEARCH_PATHS = (
					"$(SDKROOT)/Developer/Library/Frameworks",
					"$(inherited)",
					"$(DEVELOPER_FRAMEWORKS_DIR)",
				);
				GCC_PRECOMPILE_PREFIX_HEADER = YES;
				GCC_PREFIX_HEADER = "LabelDrawing/LabelDrawing-Prefix.pch";
				INFOPLIST_FILE = "LabelDrawingTests/LabelDrawingTests-Info.plist";
				PRODUCT_NAME = "$(TARGET_NAME)";
				TEST_HOST = "$(BUNDLE_LOADER)";
				WRAPPER_EXTENSION = xctest;
			};
			name = Release;
		};
/* End XCBuildConfiguration section */

/* Begin XCConfigurationList section */
		B019F9B2196C09C000BBDC19 /* Build configuration list for PBXProject "LabelDrawing" */ = {
			isa = XCConfigurationList;
			buildConfigurations = (
				B019F9E7196C09C000BBDC19 /* Debug */,
				B019F9E8196C09C000BBDC19 /* Release */,
			);
			defaultConfigurationIsVisible = 0;
			defaultConfigurationName = Release;
		};
		B019F9E9196C09C000BBDC19 /* Build configuration list for PBXNativeTarget "LabelDrawing" */ = {
			isa = XCConfigurationList;
			buildConfigurations = (
				B019F9EA196C09C000BBDC19 /* Debug */,
				B019F9EB196C09C000BBDC19 /* Release */,
			);
			defaultConfigurationIsVisible = 0;
		};
		B019F9EC196C09C000BBDC19 /* Build configuration list for PBXNativeTarget "LabelDrawingTests" */ = {
			isa = XCConfigurationList;
			buildConfigurations = (
				B019F9ED196C09C000BBDC19 /* Debug */,
				B019F9EE196C09C000BBDC19 /* Release */,
			);
			defaultConfigurationIsVisible = 0;
		};
/* End XCConfigurationList section */
	};
	rootObject = B019F9AF196C09C000BBDC19 /* Project object */;
}
